
Microsoft Visual Studio Solution File, Format Version 12.00
# Visual Studio Version 16
VisualStudioVersion = 16.0.29020.237
MinimumVisualStudioVersion = 10.0.40219.1
Project("{FAE04EC0-301F-11D3-BF4B-00C04F79EFBC}") = "RestAppUdemy", "RestAppUdemy\RestAppUdemy.csproj", "{686EA5CD-03E3-4894-A348-0C8C95118B08}"
EndProject
Global
	GlobalSection(SolutionConfigurationPlatforms) = preSolution
		Debug|Any CPU = Debug|Any CPU
		Release|Any CPU = Release|Any CPU
	EndGlobalSection
	GlobalSection(ProjectConfigurationPlatforms) = postSolution
		{686EA5CD-03E3-4894-A348-0C8C95118B08}.Debug|Any CPU.ActiveCfg = Debug|Any CPU
		{686EA5CD-03E3-4894-A348-0C8C95118B08}.Debug|Any CPU.Build.0 = Debug|Any CPU
		{686EA5CD-03E3-4894-A348-0C8C95118B08}.Release|Any CPU.ActiveCfg = Release|Any CPU
		{686EA5CD-03E3-4894-A348-0C8C95118B08}.Release|Any CPU.Build.0 = Release|Any CPU
	EndGlobalSection
	GlobalSection(SolutionProperties) = preSolution
		HideSolutionNode = FALSE
	EndGlobalSection
	GlobalSection(ExtensibilityGlobals) = postSolution
		SolutionGuid = {8743D511-D9B9-4DBF-9A05-311E5E5BBB9D}
	EndGlobalSection
EndGlobal
